// !$*UTF8*$!
{
	archiveVersion = 1;
	classes = {
	};
	objectVersion = 56;
	objects = {

/* Begin PBXBuildFile section */
		82F6B573298B787600E68868 /* watchCRUD Watch App.app in Embed Watch Content */ = {isa = PBXBuildFile; fileRef = 82F6B572298B787600E68868 /* watchCRUD Watch App.app */; settings = {ATTRIBUTES = (RemoveHeadersOnCopy, ); }; };
		82F6B578298B787600E68868 /* watchCRUDApp.swift in Sources */ = {isa = PBXBuildFile; fileRef = 82F6B577298B787600E68868 /* watchCRUDApp.swift */; };
		82F6B57A298B787600E68868 /* TaskListView.swift in Sources */ = {isa = PBXBuildFile; fileRef = 82F6B579298B787600E68868 /* TaskListView.swift */; };
		82F6B57C298B787800E68868 /* Assets.xcassets in Resources */ = {isa = PBXBuildFile; fileRef = 82F6B57B298B787800E68868 /* Assets.xcassets */; };
		82F6B57F298B787800E68868 /* Preview Assets.xcassets in Resources */ = {isa = PBXBuildFile; fileRef = 82F6B57E298B787800E68868 /* Preview Assets.xcassets */; };
		82F6B58C298B793800E68868 /* Task.swift in Sources */ = {isa = PBXBuildFile; fileRef = 82F6B58B298B793800E68868 /* Task.swift */; };
		82F6B58E298B906500E68868 /* DetailView.swift in Sources */ = {isa = PBXBuildFile; fileRef = 82F6B58D298B906500E68868 /* DetailView.swift */; };
		82F6B5992990C35E00E68868 /* DateValue.swift in Sources */ = {isa = PBXBuildFile; fileRef = 82F6B5982990C35D00E68868 /* DateValue.swift */; };
		82F6B59B2990C36700E68868 /* CustomCalendar.swift in Sources */ = {isa = PBXBuildFile; fileRef = 82F6B59A2990C36700E68868 /* CustomCalendar.swift */; };
		82F6B59D2990C42F00E68868 /* Home.swift in Sources */ = {isa = PBXBuildFile; fileRef = 82F6B59C2990C42F00E68868 /* Home.swift */; };
		82F6B5A129922EC500E68868 /* SwipeTabView.swift in Sources */ = {isa = PBXBuildFile; fileRef = 82F6B5A029922EC500E68868 /* SwipeTabView.swift */; };
/* End PBXBuildFile section */

/* Begin PBXContainerItemProxy section */
		82F6B574298B787600E68868 /* PBXContainerItemProxy */ = {
			isa = PBXContainerItemProxy;
			containerPortal = 82F6B566298B787600E68868 /* Project object */;
			proxyType = 1;
			remoteGlobalIDString = 82F6B571298B787600E68868;
			remoteInfo = "watchCRUD Watch App";
		};
/* End PBXContainerItemProxy section */

/* Begin PBXCopyFilesBuildPhase section */
		82F6B585298B787800E68868 /* Embed Watch Content */ = {
			isa = PBXCopyFilesBuildPhase;
			buildActionMask = 2147483647;
			dstPath = "$(CONTENTS_FOLDER_PATH)/Watch";
			dstSubfolderSpec = 16;
			files = (
				82F6B573298B787600E68868 /* watchCRUD Watch App.app in Embed Watch Content */,
			);
			name = "Embed Watch Content";
			runOnlyForDeploymentPostprocessing = 0;
		};
/* End PBXCopyFilesBuildPhase section */

/* Begin PBXFileReference section */
		82F6B56C298B787600E68868 /* watchCRUD.app */ = {isa = PBXFileReference; explicitFileType = wrapper.application; includeInIndex = 0; path = watchCRUD.app; sourceTree = BUILT_PRODUCTS_DIR; };
		82F6B572298B787600E68868 /* watchCRUD Watch App.app */ = {isa = PBXFileReference; explicitFileType = wrapper.application; includeInIndex = 0; path = "watchCRUD Watch App.app"; sourceTree = BUILT_PRODUCTS_DIR; };
		82F6B577298B787600E68868 /* watchCRUDApp.swift */ = {isa = PBXFileReference; lastKnownFileType = sourcecode.swift; path = watchCRUDApp.swift; sourceTree = "<group>"; };
		82F6B579298B787600E68868 /* TaskListView.swift */ = {isa = PBXFileReference; lastKnownFileType = sourcecode.swift; path = TaskListView.swift; sourceTree = "<group>"; };
		82F6B57B298B787800E68868 /* Assets.xcassets */ = {isa = PBXFileReference; lastKnownFileType = folder.assetcatalog; path = Assets.xcassets; sourceTree = "<group>"; };
		82F6B57E298B787800E68868 /* Preview Assets.xcassets */ = {isa = PBXFileReference; lastKnownFileType = folder.assetcatalog; path = "Preview Assets.xcassets"; sourceTree = "<group>"; };
		82F6B58B298B793800E68868 /* Task.swift */ = {isa = PBXFileReference; lastKnownFileType = sourcecode.swift; path = Task.swift; sourceTree = "<group>"; };
		82F6B58D298B906500E68868 /* DetailView.swift */ = {isa = PBXFileReference; lastKnownFileType = sourcecode.swift; path = DetailView.swift; sourceTree = "<group>"; };
		82F6B5982990C35D00E68868 /* DateValue.swift */ = {isa = PBXFileReference; fileEncoding = 4; lastKnownFileType = sourcecode.swift; path = DateValue.swift; sourceTree = "<group>"; };
		82F6B59A2990C36700E68868 /* CustomCalendar.swift */ = {isa = PBXFileReference; fileEncoding = 4; lastKnownFileType = sourcecode.swift; path = CustomCalendar.swift; sourceTree = "<group>"; };
		82F6B59C2990C42F00E68868 /* Home.swift */ = {isa = PBXFileReference; lastKnownFileType = sourcecode.swift; path = Home.swift; sourceTree = "<group>"; };
		82F6B5A029922EC500E68868 /* SwipeTabView.swift */ = {isa = PBXFileReference; lastKnownFileType = sourcecode.swift; path = SwipeTabView.swift; sourceTree = "<group>"; };
/* End PBXFileReference section */

/* Begin PBXFrameworksBuildPhase section */
		82F6B56F298B787600E68868 /* Frameworks */ = {
			isa = PBXFrameworksBuildPhase;
			buildActionMask = 2147483647;
			files = (
			);
			runOnlyForDeploymentPostprocessing = 0;
		};
/* End PBXFrameworksBuildPhase section */

/* Begin PBXGroup section */
		82F6B565298B787600E68868 = {
			isa = PBXGroup;
			children = (
				82F6B576298B787600E68868 /* watchCRUD Watch App */,
				82F6B56D298B787600E68868 /* Products */,
			);
			sourceTree = "<group>";
		};
		82F6B56D298B787600E68868 /* Products */ = {
			isa = PBXGroup;
			children = (
				82F6B56C298B787600E68868 /* watchCRUD.app */,
				82F6B572298B787600E68868 /* watchCRUD Watch App.app */,
			);
			name = Products;
			sourceTree = "<group>";
		};
		82F6B576298B787600E68868 /* watchCRUD Watch App */ = {
			isa = PBXGroup;
			children = (
				82F6B577298B787600E68868 /* watchCRUDApp.swift */,
				82F6B5E129937B8500E68868 /* Utils */,
				82F6B58A298B790F00E68868 /* Model */,
				82F6B589298B78F800E68868 /* View */,
				82F6B57B298B787800E68868 /* Assets.xcassets */,
				82F6B57D298B787800E68868 /* Preview Content */,
			);
			path = "watchCRUD Watch App";
			sourceTree = "<group>";
		};
		82F6B57D298B787800E68868 /* Preview Content */ = {
			isa = PBXGroup;
			children = (
				82F6B57E298B787800E68868 /* Preview Assets.xcassets */,
			);
			path = "Preview Content";
			sourceTree = "<group>";
		};
		82F6B589298B78F800E68868 /* View */ = {
			isa = PBXGroup;
			children = (
				82F6B59C2990C42F00E68868 /* Home.swift */,
				82F6B59A2990C36700E68868 /* CustomCalendar.swift */,
				82F6B5A029922EC500E68868 /* SwipeTabView.swift */,
				82F6B579298B787600E68868 /* TaskListView.swift */,
				82F6B58D298B906500E68868 /* DetailView.swift */,
			);
			path = View;
			sourceTree = "<group>";
		};
		82F6B58A298B790F00E68868 /* Model */ = {
			isa = PBXGroup;
			children = (
				82F6B58B298B793800E68868 /* Task.swift */,
				82F6B5982990C35D00E68868 /* DateValue.swift */,
			);
			path = Model;
			sourceTree = "<group>";
		};
		82F6B5E129937B8500E68868 /* Utils */ = {
			isa = PBXGroup;
			children = (
			);
			path = Utils;
			sourceTree = "<group>";
		};
/* End PBXGroup section */

/* Begin PBXNativeTarget section */
		82F6B56B298B787600E68868 /* watchCRUD */ = {
			isa = PBXNativeTarget;
			buildConfigurationList = 82F6B586298B787800E68868 /* Build configuration list for PBXNativeTarget "watchCRUD" */;
			buildPhases = (
				82F6B56A298B787600E68868 /* Resources */,
				82F6B585298B787800E68868 /* Embed Watch Content */,
			);
			buildRules = (
			);
			dependencies = (
				82F6B575298B787600E68868 /* PBXTargetDependency */,
			);
			name = watchCRUD;
			productName = watchCRUD;
			productReference = 82F6B56C298B787600E68868 /* watchCRUD.app */;
			productType = "com.apple.product-type.application.watchapp2-container";
		};
		82F6B571298B787600E68868 /* watchCRUD Watch App */ = {
			isa = PBXNativeTarget;
			buildConfigurationList = 82F6B582298B787800E68868 /* Build configuration list for PBXNativeTarget "watchCRUD Watch App" */;
			buildPhases = (
				82F6B56E298B787600E68868 /* Sources */,
				82F6B56F298B787600E68868 /* Frameworks */,
				82F6B570298B787600E68868 /* Resources */,
			);
			buildRules = (
			);
			dependencies = (
			);
			name = "watchCRUD Watch App";
			packageProductDependencies = (
			);
			productName = "watchCRUD Watch App";
			productReference = 82F6B572298B787600E68868 /* watchCRUD Watch App.app */;
			productType = "com.apple.product-type.application";
		};
/* End PBXNativeTarget section */

/* Begin PBXProject section */
		82F6B566298B787600E68868 /* Project object */ = {
			isa = PBXProject;
			attributes = {
				BuildIndependentTargetsInParallel = 1;
				LastSwiftUpdateCheck = 1420;
				LastUpgradeCheck = 1420;
				TargetAttributes = {
					82F6B56B298B787600E68868 = {
						CreatedOnToolsVersion = 14.2;
					};
					82F6B571298B787600E68868 = {
						CreatedOnToolsVersion = 14.2;
					};
				};
			};
			buildConfigurationList = 82F6B569298B787600E68868 /* Build configuration list for PBXProject "watchCRUD" */;
			compatibilityVersion = "Xcode 14.0";
			developmentRegion = en;
			hasScannedForEncodings = 0;
			knownRegions = (
				en,
				Base,
			);
			mainGroup = 82F6B565298B787600E68868;
			packageReferences = (
			);
			productRefGroup = 82F6B56D298B787600E68868 /* Products */;
			projectDirPath = "";
			projectRoot = "";
			targets = (
				82F6B56B298B787600E68868 /* watchCRUD */,
				82F6B571298B787600E68868 /* watchCRUD Watch App */,
			);
		};
/* End PBXProject section */

/* Begin PBXResourcesBuildPhase section */
		82F6B56A298B787600E68868 /* Resources */ = {
			isa = PBXResourcesBuildPhase;
			buildActionMask = 2147483647;
			files = (
			);
			runOnlyForDeploymentPostprocessing = 0;
		};
		82F6B570298B787600E68868 /* Resources */ = {
			isa = PBXResourcesBuildPhase;
			buildActionMask = 2147483647;
			files = (
				82F6B57F298B787800E68868 /* Preview Assets.xcassets in Resources */,
				82F6B57C298B787800E68868 /* Assets.xcassets in Resources */,
			);
			runOnlyForDeploymentPostprocessing = 0;
		};
/* End PBXResourcesBuildPhase section */

/* Begin PBXSourcesBuildPhase section */
		82F6B56E298B787600E68868 /* Sources */ = {
			isa = PBXSourcesBuildPhase;
			buildActionMask = 2147483647;
			files = (
				82F6B57A298B787600E68868 /* TaskListView.swift in Sources */,
				82F6B58E298B906500E68868 /* DetailView.swift in Sources */,
				82F6B58C298B793800E68868 /* Task.swift in Sources */,
				82F6B5992990C35E00E68868 /* DateValue.swift in Sources */,
				82F6B59B2990C36700E68868 /* CustomCalendar.swift in Sources */,
				82F6B59D2990C42F00E68868 /* Home.swift in Sources */,
				82F6B578298B787600E68868 /* watchCRUDApp.swift in Sources */,
				82F6B5A129922EC500E68868 /* SwipeTabView.swift in Sources */,
			);
			runOnlyForDeploymentPostprocessing = 0;
		};
/* End PBXSourcesBuildPhase section */

/* Begin PBXTargetDependency section */
		82F6B575298B787600E68868 /* PBXTargetDependency */ = {
			isa = PBXTargetDependency;
			target = 82F6B571298B787600E68868 /* watchCRUD Watch App */;
			targetProxy = 82F6B574298B787600E68868 /* PBXContainerItemProxy */;
		};
/* End PBXTargetDependency section */

/* Begin XCBuildConfiguration section */
		82F6B580298B787800E68868 /* Debug */ = {
			isa = XCBuildConfiguration;
			buildSettings = {
				ALWAYS_SEARCH_USER_PATHS = NO;
				CLANG_ANALYZER_NONNULL = YES;
				CLANG_ANALYZER_NUMBER_OBJECT_CONVERSION = YES_AGGRESSIVE;
				CLANG_CXX_LANGUAGE_STANDARD = "gnu++20";
				CLANG_ENABLE_MODULES = YES;
				CLANG_ENABLE_OBJC_ARC = YES;
				CLANG_ENABLE_OBJC_WEAK = YES;
				CLANG_WARN_BLOCK_CAPTURE_AUTORELEASING = YES;
				CLANG_WARN_BOOL_CONVERSION = YES;
				CLANG_WARN_COMMA = YES;
				CLANG_WARN_CONSTANT_CONVERSION = YES;
				CLANG_WARN_DEPRECATED_OBJC_IMPLEMENTATIONS = YES;
				CLANG_WARN_DIRECT_OBJC_ISA_USAGE = YES_ERROR;
				CLANG_WARN_DOCUMENTATION_COMMENTS = YES;
				CLANG_WARN_EMPTY_BODY = YES;
				CLANG_WARN_ENUM_CONVERSION = YES;
				CLANG_WARN_INFINITE_RECURSION = YES;
				CLANG_WARN_INT_CONVERSION = YES;
				CLANG_WARN_NON_LITERAL_NULL_CONVERSION = YES;
				CLANG_WARN_OBJC_IMPLICIT_RETAIN_SELF = YES;
				CLANG_WARN_OBJC_LITERAL_CONVERSION = YES;
				CLANG_WARN_OBJC_ROOT_CLASS = YES_ERROR;
				CLANG_WARN_QUOTED_INCLUDE_IN_FRAMEWORK_HEADER = YES;
				CLANG_WARN_RANGE_LOOP_ANALYSIS = YES;
				CLANG_WARN_STRICT_PROTOTYPES = YES;
				CLANG_WARN_SUSPICIOUS_MOVE = YES;
				CLANG_WARN_UNGUARDED_AVAILABILITY = YES_AGGRESSIVE;
				CLANG_WARN_UNREACHABLE_CODE = YES;
				CLANG_WARN__DUPLICATE_METHOD_MATCH = YES;
				COPY_PHASE_STRIP = NO;
				DEBUG_INFORMATION_FORMAT = dwarf;
				ENABLE_STRICT_OBJC_MSGSEND = YES;
				ENABLE_TESTABILITY = YES;
				GCC_C_LANGUAGE_STANDARD = gnu11;
				GCC_DYNAMIC_NO_PIC = NO;
				GCC_NO_COMMON_BLOCKS = YES;
				GCC_OPTIMIZATION_LEVEL = 0;
				GCC_PREPROCESSOR_DEFINITIONS = (
					"DEBUG=1",
					"$(inherited)",
				);
				GCC_WARN_64_TO_32_BIT_CONVERSION = YES;
				GCC_WARN_ABOUT_RETURN_TYPE = YES_ERROR;
				GCC_WARN_UNDECLARED_SELECTOR = YES;
				GCC_WARN_UNINITIALIZED_AUTOS = YES_AGGRESSIVE;
				GCC_WARN_UNUSED_FUNCTION = YES;
				GCC_WARN_UNUSED_VARIABLE = YES;
				MTL_ENABLE_DEBUG_INFO = INCLUDE_SOURCE;
				MTL_FAST_MATH = YES;
				ONLY_ACTIVE_ARCH = YES;
				SWIFT_ACTIVE_COMPILATION_CONDITIONS = DEBUG;
				SWIFT_OPTIMIZATION_LEVEL = "-Onone";
			};
			name = Debug;
		};
		82F6B581298B787800E68868 /* Release */ = {
			isa = XCBuildConfiguration;
			buildSettings = {
				ALWAYS_SEARCH_USER_PATHS = NO;
				CLANG_ANALYZER_NONNULL = YES;
				CLANG_ANALYZER_NUMBER_OBJECT_CONVERSION = YES_AGGRESSIVE;
				CLANG_CXX_LANGUAGE_STANDARD = "gnu++20";
				CLANG_ENABLE_MODULES = YES;
				CLANG_ENABLE_OBJC_ARC = YES;
				CLANG_ENABLE_OBJC_WEAK = YES;
				CLANG_WARN_BLOCK_CAPTURE_AUTORELEASING = YES;
				CLANG_WARN_BOOL_CONVERSION = YES;
				CLANG_WARN_COMMA = YES;
				CLANG_WARN_CONSTANT_CONVERSION = YES;
				CLANG_WARN_DEPRECATED_OBJC_IMPLEMENTATIONS = YES;
				CLANG_WARN_DIRECT_OBJC_ISA_USAGE = YES_ERROR;
				CLANG_WARN_DOCUMENTATION_COMMENTS = YES;
				CLANG_WARN_EMPTY_BODY = YES;
				CLANG_WARN_ENUM_CONVERSION = YES;
				CLANG_WARN_INFINITE_RECURSION = YES;
				CLANG_WARN_INT_CONVERSION = YES;
				CLANG_WARN_NON_LITERAL_NULL_CONVERSION = YES;
				CLANG_WARN_OBJC_IMPLICIT_RETAIN_SELF = YES;
				CLANG_WARN_OBJC_LITERAL_CONVERSION = YES;
				CLANG_WARN_OBJC_ROOT_CLASS = YES_ERROR;
				CLANG_WARN_QUOTED_INCLUDE_IN_FRAMEWORK_HEADER = YES;
				CLANG_WARN_RANGE_LOOP_ANALYSIS = YES;
				CLANG_WARN_STRICT_PROTOTYPES = YES;
				CLANG_WARN_SUSPICIOUS_MOVE = YES;
				CLANG_WARN_UNGUARDED_AVAILABILITY = YES_AGGRESSIVE;
				CLANG_WARN_UNREACHABLE_CODE = YES;
				CLANG_WARN__DUPLICATE_METHOD_MATCH = YES;
				COPY_PHASE_STRIP = NO;
				DEBUG_INFORMATION_FORMAT = "dwarf-with-dsym";
				ENABLE_NS_ASSERTIONS = NO;
				ENABLE_STRICT_OBJC_MSGSEND = YES;
				GCC_C_LANGUAGE_STANDARD = gnu11;
				GCC_NO_COMMON_BLOCKS = YES;
				GCC_WARN_64_TO_32_BIT_CONVERSION = YES;
				GCC_WARN_ABOUT_RETURN_TYPE = YES_ERROR;
				GCC_WARN_UNDECLARED_SELECTOR = YES;
				GCC_WARN_UNINITIALIZED_AUTOS = YES_AGGRESSIVE;
				GCC_WARN_UNUSED_FUNCTION = YES;
				GCC_WARN_UNUSED_VARIABLE = YES;
				MTL_ENABLE_DEBUG_INFO = NO;
				MTL_FAST_MATH = YES;
				SWIFT_COMPILATION_MODE = wholemodule;
				SWIFT_OPTIMIZATION_LEVEL = "-O";
			};
			name = Release;
		};
		82F6B583298B787800E68868 /* Debug */ = {
			isa = XCBuildConfiguration;
			buildSettings = {
				ASSETCATALOG_COMPILER_APPICON_NAME = AppIcon;
				ASSETCATALOG_COMPILER_GLOBAL_ACCENT_COLOR_NAME = AccentColor;
				CODE_SIGN_STYLE = Automatic;
				CURRENT_PROJECT_VERSION = 1;
				DEVELOPMENT_ASSET_PATHS = "\"watchCRUD Watch App/Preview Content\"";
				ENABLE_PREVIEWS = YES;
				GENERATE_INFOPLIST_FILE = YES;
				INFOPLIST_KEY_CFBundleDisplayName = watchCRUD;
				INFOPLIST_KEY_UISupportedInterfaceOrientations = "UIInterfaceOrientationPortrait UIInterfaceOrientationPortraitUpsideDown";
				INFOPLIST_KEY_WKWatchOnly = YES;
				LD_RUNPATH_SEARCH_PATHS = (
					"$(inherited)",
					"@executable_path/Frameworks",
				);
				MARKETING_VERSION = 1.0;
				PRODUCT_BUNDLE_IDENTIFIER = kr.xoul.watchCRUD.watchkitapp;
				PRODUCT_NAME = "$(TARGET_NAME)";
				SDKROOT = watchos;
				SKIP_INSTALL = YES;
				SWIFT_EMIT_LOC_STRINGS = YES;
				SWIFT_VERSION = 5.0;
				TARGETED_DEVICE_FAMILY = 4;
				WATCHOS_DEPLOYMENT_TARGET = 9.1;
			};
			name = Debug;
		};
		82F6B584298B787800E68868 /* Release */ = {
			isa = XCBuildConfiguration;
			buildSettings = {
				ASSETCATALOG_COMPILER_APPICON_NAME = AppIcon;
				ASSETCATALOG_COMPILER_GLOBAL_ACCENT_COLOR_NAME = AccentColor;
				CODE_SIGN_STYLE = Automatic;
				CURRENT_PROJECT_VERSION = 1;
				DEVELOPMENT_ASSET_PATHS = "\"watchCRUD Watch App/Preview Content\"";
				ENABLE_PREVIEWS = YES;
				GENERATE_INFOPLIST_FILE = YES;
				INFOPLIST_KEY_CFBundleDisplayName = watchCRUD;
				INFOPLIST_KEY_UISupportedInterfaceOrientations = "UIInterfaceOrientationPortrait UIInterfaceOrientationPortraitUpsideDown";
				INFOPLIST_KEY_WKWatchOnly = YES;
				LD_RUNPATH_SEARCH_PATHS = (
					"$(inherited)",
					"@executable_path/Frameworks",
				);
				MARKETING_VERSION = 1.0;
				PRODUCT_BUNDLE_IDENTIFIER = kr.xoul.watchCRUD.watchkitapp;
				PRODUCT_NAME = "$(TARGET_NAME)";
				SDKROOT = watchos;
				SKIP_INSTALL = YES;
				SWIFT_EMIT_LOC_STRINGS = YES;
				SWIFT_VERSION = 5.0;
				TARGETED_DEVICE_FAMILY = 4;
				VALIDATE_PRODUCT = YES;
				WATCHOS_DEPLOYMENT_TARGET = 9.1;
			};
			name = Release;
		};
		82F6B587298B787800E68868 /* Debug */ = {
			isa = XCBuildConfiguration;
			buildSettings = {
				ALWAYS_EMBED_SWIFT_STANDARD_LIBRARIES = YES;
				CODE_SIGN_STYLE = Automatic;
				CURRENT_PROJECT_VERSION = 1;
				INFOPLIST_KEY_CFBundleDisplayName = watchCRUD;
				MARKETING_VERSION = 1.0;
				PRODUCT_BUNDLE_IDENTIFIER = kr.xoul.watchCRUD;
				PRODUCT_NAME = "$(TARGET_NAME)";
				SDKROOT = iphoneos;
				SWIFT_VERSION = 5.0;
			};
			name = Debug;
		};
		82F6B588298B787800E68868 /* Release */ = {
			isa = XCBuildConfiguration;
			buildSettings = {
				ALWAYS_EMBED_SWIFT_STANDARD_LIBRARIES = YES;
				CODE_SIGN_STYLE = Automatic;
				CURRENT_PROJECT_VERSION = 1;
				INFOPLIST_KEY_CFBundleDisplayName = watchCRUD;
				MARKETING_VERSION = 1.0;
				PRODUCT_BUNDLE_IDENTIFIER = kr.xoul.watchCRUD;
				PRODUCT_NAME = "$(TARGET_NAME)";
				SDKROOT = iphoneos;
				SWIFT_VERSION = 5.0;
				VALIDATE_PRODUCT = YES;
			};
			name = Release;
		};
/* End XCBuildConfiguration section */

/* Begin XCConfigurationList section */
		82F6B569298B787600E68868 /* Build configuration list for PBXProject "watchCRUD" */ = {
			isa = XCConfigurationList;
			buildConfigurations = (
				82F6B580298B787800E68868 /* Debug */,
				82F6B581298B787800E68868 /* Release */,
			);
			defaultConfigurationIsVisible = 0;
			defaultConfigurationName = Release;
		};
		82F6B582298B787800E68868 /* Build configuration list for PBXNativeTarget "watchCRUD Watch App" */ = {
			isa = XCConfigurationList;
			buildConfigurations = (
				82F6B583298B787800E68868 /* Debug */,
				82F6B584298B787800E68868 /* Release */,
			);
			defaultConfigurationIsVisible = 0;
			defaultConfigurationName = Release;
		};
		82F6B586298B787800E68868 /* Build configuration list for PBXNativeTarget "watchCRUD" */ = {
			isa = XCConfigurationList;
			buildConfigurations = (
				82F6B587298B787800E68868 /* Debug */,
				82F6B588298B787800E68868 /* Release */,
			);
			defaultConfigurationIsVisible = 0;
			defaultConfigurationName = Release;
		};
/* End XCConfigurationList section */
	};
	rootObject = 82F6B566298B787600E68868 /* Project object */;
}
